
Microsoft Visual Studio Solution File, Format Version 12.00
# Visual Studio 2013
VisualStudioVersion = 12.0.21005.1
MinimumVisualStudioVersion = 10.0.40219.1
Project("{FAE04EC0-301F-11D3-BF4B-00C04F79EFBC}") = "TimeTracker.API", "TimeTracker.API\TimeTracker.API.csproj", "{AA108FCD-C8EC-4BA6-9EBF-BABD7B6252E9}"
EndProject
Project("{FAE04EC0-301F-11D3-BF4B-00C04F79EFBC}") = "TimeTracker.Web", "TimeTracker.Web\TimeTracker.Web.csproj", "{B679189F-1F0F-40DB-BD55-CC98A64F8C23}"
EndProject
Global
	GlobalSection(SolutionConfigurationPlatforms) = preSolution
		Debug|Any CPU = Debug|Any CPU
		Release|Any CPU = Release|Any CPU
	EndGlobalSection
	GlobalSection(ProjectConfigurationPlatforms) = postSolution
		{AA108FCD-C8EC-4BA6-9EBF-BABD7B6252E9}.Debug|Any CPU.ActiveCfg = Debug|Any CPU
		{AA108FCD-C8EC-4BA6-9EBF-BABD7B6252E9}.Debug|Any CPU.Build.0 = Debug|Any CPU
		{AA108FCD-C8EC-4BA6-9EBF-BABD7B6252E9}.Release|Any CPU.ActiveCfg = Release|Any CPU
		{AA108FCD-C8EC-4BA6-9EBF-BABD7B6252E9}.Release|Any CPU.Build.0 = Release|Any CPU
		{B679189F-1F0F-40DB-BD55-CC98A64F8C23}.Debug|Any CPU.ActiveCfg = Debug|Any CPU
		{B679189F-1F0F-40DB-BD55-CC98A64F8C23}.Debug|Any CPU.Build.0 = Debug|Any CPU
		{B679189F-1F0F-40DB-BD55-CC98A64F8C23}.Release|Any CPU.ActiveCfg = Release|Any CPU
		{B679189F-1F0F-40DB-BD55-CC98A64F8C23}.Release|Any CPU.Build.0 = Release|Any CPU
	EndGlobalSection
	GlobalSection(SolutionProperties) = preSolution
		HideSolutionNode = FALSE
	EndGlobalSection
EndGlobal
